
Microsoft Visual Studio Solution File, Format Version 12.00
# Visual Studio Version 17
VisualStudioVersion = 17.1.32414.318
MinimumVisualStudioVersion = 10.0.40219.1
Project("{FAE04EC0-301F-11D3-BF4B-00C04F79EFBC}") = "xadrez-console", "xadrez-console\xadrez-console.csproj", "{0DA6D187-D770-4414-8BA0-2FF345752D86}"
EndProject
Global
	GlobalSection(SolutionConfigurationPlatforms) = preSolution
		Debug|Any CPU = Debug|Any CPU
		Release|Any CPU = Release|Any CPU
	EndGlobalSection
	GlobalSection(ProjectConfigurationPlatforms) = postSolution
		{0DA6D187-D770-4414-8BA0-2FF345752D86}.Debug|Any CPU.ActiveCfg = Debug|Any CPU
		{0DA6D187-D770-4414-8BA0-2FF345752D86}.Debug|Any CPU.Build.0 = Debug|Any CPU
		{0DA6D187-D770-4414-8BA0-2FF345752D86}.Release|Any CPU.ActiveCfg = Release|Any CPU
		{0DA6D187-D770-4414-8BA0-2FF345752D86}.Release|Any CPU.Build.0 = Release|Any CPU
	EndGlobalSection
	GlobalSection(SolutionProperties) = preSolution
		HideSolutionNode = FALSE
	EndGlobalSection
	GlobalSection(ExtensibilityGlobals) = postSolution
		SolutionGuid = {DC440F31-4731-4620-AA07-DA5A526F0B63}
	EndGlobalSection
EndGlobal
